
Microsoft Visual Studio Solution File, Format Version 12.00
# Visual Studio Version 16
VisualStudioVersion = 16.0.30907.101
MinimumVisualStudioVersion = 10.0.40219.1
Project("{FAE04EC0-301F-11D3-BF4B-00C04F79EFBC}") = "realtimesystems-wat", "realtimesystems-wat\realtimesystems-wat.csproj", "{9464458C-1A45-4BE1-A78F-CF2DFD988A8A}"
EndProject
Global
	GlobalSection(SolutionConfigurationPlatforms) = preSolution
		Debug|Any CPU = Debug|Any CPU
		Release|Any CPU = Release|Any CPU
	EndGlobalSection
	GlobalSection(ProjectConfigurationPlatforms) = postSolution
		{9464458C-1A45-4BE1-A78F-CF2DFD988A8A}.Debug|Any CPU.ActiveCfg = Debug|Any CPU
		{9464458C-1A45-4BE1-A78F-CF2DFD988A8A}.Debug|Any CPU.Build.0 = Debug|Any CPU
		{9464458C-1A45-4BE1-A78F-CF2DFD988A8A}.Release|Any CPU.ActiveCfg = Release|Any CPU
		{9464458C-1A45-4BE1-A78F-CF2DFD988A8A}.Release|Any CPU.Build.0 = Release|Any CPU
	EndGlobalSection
	GlobalSection(SolutionProperties) = preSolution
		HideSolutionNode = FALSE
	EndGlobalSection
	GlobalSection(ExtensibilityGlobals) = postSolution
		SolutionGuid = {4FFC25C0-05F5-4C29-990D-F82538E5051A}
	EndGlobalSection
EndGlobal
