
Microsoft Visual Studio Solution File, Format Version 12.00
# Visual Studio Version 16
VisualStudioVersion = 16.0.30907.101
MinimumVisualStudioVersion = 10.0.40219.1
Project("{FAE04EC0-301F-11D3-BF4B-00C04F79EFBC}") = "SterowanieDrzwiami", "SterowanieDrzwiami\SterowanieDrzwiami.csproj", "{72A11E98-39FB-4C84-9EC0-639BF0760C30}"
EndProject
Project("{FAE04EC0-301F-11D3-BF4B-00C04F79EFBC}") = "PanelSterowania", "PanelSterowania\PanelSterowania.csproj", "{F99B0523-A338-4195-AD4E-FCD54B447169}"
EndProject
Project("{FAE04EC0-301F-11D3-BF4B-00C04F79EFBC}") = "SterowanieZaworemDoplywu", "SterowanieZaworemDoplywu\SterowanieZaworemDoplywu.csproj", "{DE0EEB27-4E43-4DED-95B1-D4DDC76D2D94}"
EndProject
Project("{FAE04EC0-301F-11D3-BF4B-00C04F79EFBC}") = "Silnik", "Silnik\Silnik.csproj", "{35617D4F-A485-460B-842D-9924F1BC39AD}"
EndProject
Project("{FAE04EC0-301F-11D3-BF4B-00C04F79EFBC}") = "Sterowanie", "Sterowanie\Sterowanie.csproj", "{F2EAE09F-04A2-4FCC-827D-4CBD722FBF29}"
EndProject
Global
	GlobalSection(SolutionConfigurationPlatforms) = preSolution
		Debug|Any CPU = Debug|Any CPU
		Release|Any CPU = Release|Any CPU
	EndGlobalSection
	GlobalSection(ProjectConfigurationPlatforms) = postSolution
		{72A11E98-39FB-4C84-9EC0-639BF0760C30}.Debug|Any CPU.ActiveCfg = Debug|Any CPU
		{72A11E98-39FB-4C84-9EC0-639BF0760C30}.Debug|Any CPU.Build.0 = Debug|Any CPU
		{72A11E98-39FB-4C84-9EC0-639BF0760C30}.Release|Any CPU.ActiveCfg = Release|Any CPU
		{72A11E98-39FB-4C84-9EC0-639BF0760C30}.Release|Any CPU.Build.0 = Release|Any CPU
		{F99B0523-A338-4195-AD4E-FCD54B447169}.Debug|Any CPU.ActiveCfg = Debug|Any CPU
		{F99B0523-A338-4195-AD4E-FCD54B447169}.Debug|Any CPU.Build.0 = Debug|Any CPU
		{F99B0523-A338-4195-AD4E-FCD54B447169}.Release|Any CPU.ActiveCfg = Release|Any CPU
		{F99B0523-A338-4195-AD4E-FCD54B447169}.Release|Any CPU.Build.0 = Release|Any CPU
		{DE0EEB27-4E43-4DED-95B1-D4DDC76D2D94}.Debug|Any CPU.ActiveCfg = Debug|Any CPU
		{DE0EEB27-4E43-4DED-95B1-D4DDC76D2D94}.Debug|Any CPU.Build.0 = Debug|Any CPU
		{DE0EEB27-4E43-4DED-95B1-D4DDC76D2D94}.Release|Any CPU.ActiveCfg = Release|Any CPU
		{DE0EEB27-4E43-4DED-95B1-D4DDC76D2D94}.Release|Any CPU.Build.0 = Release|Any CPU
		{35617D4F-A485-460B-842D-9924F1BC39AD}.Debug|Any CPU.ActiveCfg = Debug|Any CPU
		{35617D4F-A485-460B-842D-9924F1BC39AD}.Debug|Any CPU.Build.0 = Debug|Any CPU
		{35617D4F-A485-460B-842D-9924F1BC39AD}.Release|Any CPU.ActiveCfg = Release|Any CPU
		{35617D4F-A485-460B-842D-9924F1BC39AD}.Release|Any CPU.Build.0 = Release|Any CPU
		{F2EAE09F-04A2-4FCC-827D-4CBD722FBF29}.Debug|Any CPU.ActiveCfg = Debug|Any CPU
		{F2EAE09F-04A2-4FCC-827D-4CBD722FBF29}.Debug|Any CPU.Build.0 = Debug|Any CPU
		{F2EAE09F-04A2-4FCC-827D-4CBD722FBF29}.Release|Any CPU.ActiveCfg = Release|Any CPU
		{F2EAE09F-04A2-4FCC-827D-4CBD722FBF29}.Release|Any CPU.Build.0 = Release|Any CPU
	EndGlobalSection
	GlobalSection(SolutionProperties) = preSolution
		HideSolutionNode = FALSE
	EndGlobalSection
	GlobalSection(ExtensibilityGlobals) = postSolution
		SolutionGuid = {4FFC25C0-05F5-4C29-990D-F82538E5051A}
	EndGlobalSection
EndGlobal
